
Microsoft Visual Studio Solution File, Format Version 12.00
# Visual Studio Version 16
VisualStudioVersion = 16.0.29403.142
MinimumVisualStudioVersion = 10.0.40219.1
Project("{FAE04EC0-301F-11D3-BF4B-00C04F79EFBC}") = "ProjektBiblioteka", "ProjektBiblioteka.csproj", "{551AAD04-A019-4EB4-8815-75794E80DF86}"
EndProject
Global
	GlobalSection(SolutionConfigurationPlatforms) = preSolution
		Debug|Any CPU = Debug|Any CPU
		Release|Any CPU = Release|Any CPU
	EndGlobalSection
	GlobalSection(ProjectConfigurationPlatforms) = postSolution
		{551AAD04-A019-4EB4-8815-75794E80DF86}.Debug|Any CPU.ActiveCfg = Debug|Any CPU
		{551AAD04-A019-4EB4-8815-75794E80DF86}.Debug|Any CPU.Build.0 = Debug|Any CPU
		{551AAD04-A019-4EB4-8815-75794E80DF86}.Release|Any CPU.ActiveCfg = Release|Any CPU
		{551AAD04-A019-4EB4-8815-75794E80DF86}.Release|Any CPU.Build.0 = Release|Any CPU
	EndGlobalSection
	GlobalSection(SolutionProperties) = preSolution
		HideSolutionNode = FALSE
	EndGlobalSection
	GlobalSection(ExtensibilityGlobals) = postSolution
		SolutionGuid = {2DF03A34-5995-4620-A073-6C32EB4C421F}
	EndGlobalSection
EndGlobal
